
Microsoft Visual Studio Solution File, Format Version 12.00
# Visual Studio Version 17
VisualStudioVersion = 17.14.36221.1 d17.14
MinimumVisualStudioVersion = 10.0.40219.1
Project("{FAE04EC0-301F-11D3-BF4B-00C04F79EFBC}") = "SOAD8", "SOAD8\SOAD8.csproj", "{C37C34E4-C95F-4814-A326-4071D17C9DC7}"
EndProject
Global
	GlobalSection(SolutionConfigurationPlatforms) = preSolution
		Debug|Any CPU = Debug|Any CPU
		Release|Any CPU = Release|Any CPU
	EndGlobalSection
	GlobalSection(ProjectConfigurationPlatforms) = postSolution
		{C37C34E4-C95F-4814-A326-4071D17C9DC7}.Debug|Any CPU.ActiveCfg = Debug|Any CPU
		{C37C34E4-C95F-4814-A326-4071D17C9DC7}.Debug|Any CPU.Build.0 = Debug|Any CPU
		{C37C34E4-C95F-4814-A326-4071D17C9DC7}.Release|Any CPU.ActiveCfg = Release|Any CPU
		{C37C34E4-C95F-4814-A326-4071D17C9DC7}.Release|Any CPU.Build.0 = Release|Any CPU
	EndGlobalSection
	GlobalSection(SolutionProperties) = preSolution
		HideSolutionNode = FALSE
	EndGlobalSection
	GlobalSection(ExtensibilityGlobals) = postSolution
		SolutionGuid = {9A1AA280-E6B4-4D17-9196-723997A8AFF3}
	EndGlobalSection
EndGlobal
